// !$*UTF8*$!
{
	archiveVersion = 1;
	classes = {
	};
	objectVersion = 46;
	objects = {

/* Begin PBXBuildFile section */
		181FBB6C1E8F2BC300FAC61E /* libz.tbd in Frameworks */ = {isa = PBXBuildFile; fileRef = 181FBB6B1E8F2BC300FAC61E /* libz.tbd */; };
		181FBB6E1E8F2BCC00FAC61E /* libbz2.tbd in Frameworks */ = {isa = PBXBuildFile; fileRef = 181FBB6D1E8F2BCC00FAC61E /* libbz2.tbd */; };
		181FBB701E8F2BD300FAC61E /* libiconv.tbd in Frameworks */ = {isa = PBXBuildFile; fileRef = 181FBB6F1E8F2BD300FAC61E /* libiconv.tbd */; };
		181FBB721E8F2BDA00FAC61E /* libstdc++.6.0.9.tbd in Frameworks */ = {isa = PBXBuildFile; fileRef = 181FBB711E8F2BDA00FAC61E /* libstdc++.6.0.9.tbd */; };
		1825EEAC1E8F29FC00891636 /* CDVLCPlayVC.m in Sources */ = {isa = PBXBuildFile; fileRef = 1825EEAA1E8F29FC00891636 /* CDVLCPlayVC.m */; };
		1825EEAD1E8F29FC00891636 /* video.storyboard in Resources */ = {isa = PBXBuildFile; fileRef = 1825EEAB1E8F29FC00891636 /* video.storyboard */; };
		182AAB531E70EAB500D3FC43 /* files.plist in Resources */ = {isa = PBXBuildFile; fileRef = 182AAB521E70EAB500D3FC43 /* files.plist */; };
		182AAB571E70EC5D00D3FC43 /* PoemModel.m in Sources */ = {isa = PBXBuildFile; fileRef = 182AAB561E70EC5D00D3FC43 /* PoemModel.m */; };
		182AAB5B1E70EDA700D3FC43 /* CDRowZeroCell.m in Sources */ = {isa = PBXBuildFile; fileRef = 182AAB591E70EDA700D3FC43 /* CDRowZeroCell.m */; };
		182AAB5C1E70EDA700D3FC43 /* CDRowZeroCell.xib in Resources */ = {isa = PBXBuildFile; fileRef = 182AAB5A1E70EDA700D3FC43 /* CDRowZeroCell.xib */; };
		1848C79A1E72365200479347 /* ImageViewController.m in Sources */ = {isa = PBXBuildFile; fileRef = 1848C7991E72365200479347 /* ImageViewController.m */; };
		1848C79D1E72398000479347 /* MobileCoreServices.framework in Frameworks */ = {isa = PBXBuildFile; fileRef = 1848C79C1E72398000479347 /* MobileCoreServices.framework */; };
		185EE4CF1E7960A200AB59FF /* 测试文档.doc in Resources */ = {isa = PBXBuildFile; fileRef = 185EE4CE1E7960A200AB59FF /* 测试文档.doc */; };
		1879FD6C1E695C9D003630C7 /* main.m in Sources */ = {isa = PBXBuildFile; fileRef = 1879FD6B1E695C9D003630C7 /* main.m */; };
		1879FD6F1E695C9D003630C7 /* AppDelegate.m in Sources */ = {isa = PBXBuildFile; fileRef = 1879FD6E1E695C9D003630C7 /* AppDelegate.m */; };
		1879FD721E695C9D003630C7 /* ViewController.m in Sources */ = {isa = PBXBuildFile; fileRef = 1879FD711E695C9D003630C7 /* ViewController.m */; };
		1879FD751E695C9D003630C7 /* Main.storyboard in Resources */ = {isa = PBXBuildFile; fileRef = 1879FD731E695C9D003630C7 /* Main.storyboard */; };
		1879FD771E695C9D003630C7 /* Assets.xcassets in Resources */ = {isa = PBXBuildFile; fileRef = 1879FD761E695C9D003630C7 /* Assets.xcassets */; };
		1879FD7A1E695C9D003630C7 /* LaunchScreen.storyboard in Resources */ = {isa = PBXBuildFile; fileRef = 1879FD781E695C9D003630C7 /* LaunchScreen.storyboard */; };
		1879FD851E695C9D003630C7 /* CodeDemoTests.m in Sources */ = {isa = PBXBuildFile; fileRef = 1879FD841E695C9D003630C7 /* CodeDemoTests.m */; };
		1879FD901E695C9D003630C7 /* CodeDemoUITests.m in Sources */ = {isa = PBXBuildFile; fileRef = 1879FD8F1E695C9D003630C7 /* CodeDemoUITests.m */; };
		1879FDA11E695CDA003630C7 /* CDNaigationVC.m in Sources */ = {isa = PBXBuildFile; fileRef = 1879FDA01E695CDA003630C7 /* CDNaigationVC.m */; };
		1879FDA51E695D3C003630C7 /* CDRootTVC.m in Sources */ = {isa = PBXBuildFile; fileRef = 1879FDA41E695D3C003630C7 /* CDRootTVC.m */; };
		1879FDA91E695E22003630C7 /* CDRowZeroTVC.m in Sources */ = {isa = PBXBuildFile; fileRef = 1879FDA81E695E22003630C7 /* CDRowZeroTVC.m */; };
		188649041E7BB4BD000BAE7F /* AFHTTPSessionManager.m in Sources */ = {isa = PBXBuildFile; fileRef = 188648F81E7BB4BD000BAE7F /* AFHTTPSessionManager.m */; };
		188649051E7BB4BD000BAE7F /* AFNetworkReachabilityManager.m in Sources */ = {isa = PBXBuildFile; fileRef = 188648FB1E7BB4BD000BAE7F /* AFNetworkReachabilityManager.m */; };
		188649061E7BB4BD000BAE7F /* AFSecurityPolicy.m in Sources */ = {isa = PBXBuildFile; fileRef = 188648FD1E7BB4BD000BAE7F /* AFSecurityPolicy.m */; };
		188649071E7BB4BD000BAE7F /* AFURLRequestSerialization.m in Sources */ = {isa = PBXBuildFile; fileRef = 188648FF1E7BB4BD000BAE7F /* AFURLRequestSerialization.m */; };
		188649081E7BB4BD000BAE7F /* AFURLResponseSerialization.m in Sources */ = {isa = PBXBuildFile; fileRef = 188649011E7BB4BD000BAE7F /* AFURLResponseSerialization.m */; };
		188649091E7BB4BD000BAE7F /* AFURLSessionManager.m in Sources */ = {isa = PBXBuildFile; fileRef = 188649031E7BB4BD000BAE7F /* AFURLSessionManager.m */; };
		18E8C6621E7BAF6100592BE2 /* CDRowFiveVC.m in Sources */ = {isa = PBXBuildFile; fileRef = 18E8C6611E7BAF6100592BE2 /* CDRowFiveVC.m */; };
		18F7C8B11E6D1AAB00EF8888 /* ClickBoxViewController.m in Sources */ = {isa = PBXBuildFile; fileRef = 18F7C8B01E6D1AAB00EF8888 /* ClickBoxViewController.m */; };
		18F7C8B41E6D24F100EF8888 /* CheckButton.m in Sources */ = {isa = PBXBuildFile; fileRef = 18F7C8B31E6D24F100EF8888 /* CheckButton.m */; };
		18F7C8B81E6D26BE00EF8888 /* CTCheckbox.m in Sources */ = {isa = PBXBuildFile; fileRef = 18F7C8B71E6D26BE00EF8888 /* CTCheckbox.m */; };
		18F7C8BC1E6D2A2D00EF8888 /* AKCheckBox.m in Sources */ = {isa = PBXBuildFile; fileRef = 18F7C8BB1E6D2A2D00EF8888 /* AKCheckBox.m */; };
		C26C087F02B217B687102637 /* libPods-CodeDemo.a in Frameworks */ = {isa = PBXBuildFile; fileRef = E67BB67D572A4427F7851E32 /* libPods-CodeDemo.a */; };
/* End PBXBuildFile section */

/* Begin PBXContainerItemProxy section */
		1879FD811E695C9D003630C7 /* PBXContainerItemProxy */ = {
			isa = PBXContainerItemProxy;
			containerPortal = 1879FD5F1E695C9D003630C7 /* Project object */;
			proxyType = 1;
			remoteGlobalIDString = 1879FD661E695C9D003630C7;
			remoteInfo = CodeDemo;
		};
		1879FD8C1E695C9D003630C7 /* PBXContainerItemProxy */ = {
			isa = PBXContainerItemProxy;
			containerPortal = 1879FD5F1E695C9D003630C7 /* Project object */;
			proxyType = 1;
			remoteGlobalIDString = 1879FD661E695C9D003630C7;
			remoteInfo = CodeDemo;
		};
/* End PBXContainerItemProxy section */

/* Begin PBXFileReference section */
		181FBB6B1E8F2BC300FAC61E /* libz.tbd */ = {isa = PBXFileReference; lastKnownFileType = "sourcecode.text-based-dylib-definition"; name = libz.tbd; path = usr/lib/libz.tbd; sourceTree = SDKROOT; };
		181FBB6D1E8F2BCC00FAC61E /* libbz2.tbd */ = {isa = PBXFileReference; lastKnownFileType = "sourcecode.text-based-dylib-definition"; name = libbz2.tbd; path = usr/lib/libbz2.tbd; sourceTree = SDKROOT; };
		181FBB6F1E8F2BD300FAC61E /* libiconv.tbd */ = {isa = PBXFileReference; lastKnownFileType = "sourcecode.text-based-dylib-definition"; name = libiconv.tbd; path = usr/lib/libiconv.tbd; sourceTree = SDKROOT; };
		181FBB711E8F2BDA00FAC61E /* libstdc++.6.0.9.tbd */ = {isa = PBXFileReference; lastKnownFileType = "sourcecode.text-based-dylib-definition"; name = "libstdc++.6.0.9.tbd"; path = "usr/lib/libstdc++.6.0.9.tbd"; sourceTree = SDKROOT; };
		1825EEA91E8F29FC00891636 /* CDVLCPlayVC.h */ = {isa = PBXFileReference; fileEncoding = 4; lastKnownFileType = sourcecode.c.h; path = CDVLCPlayVC.h; sourceTree = "<group>"; };
		1825EEAA1E8F29FC00891636 /* CDVLCPlayVC.m */ = {isa = PBXFileReference; fileEncoding = 4; lastKnownFileType = sourcecode.c.objc; path = CDVLCPlayVC.m; sourceTree = "<group>"; };
		1825EEAB1E8F29FC00891636 /* video.storyboard */ = {isa = PBXFileReference; fileEncoding = 4; lastKnownFileType = file.storyboard; path = video.storyboard; sourceTree = "<group>"; };
		182AAB521E70EAB500D3FC43 /* files.plist */ = {isa = PBXFileReference; fileEncoding = 4; lastKnownFileType = text.plist.xml; path = files.plist; sourceTree = "<group>"; };
		182AAB551E70EC5D00D3FC43 /* PoemModel.h */ = {isa = PBXFileReference; fileEncoding = 4; lastKnownFileType = sourcecode.c.h; path = PoemModel.h; sourceTree = "<group>"; };
		182AAB561E70EC5D00D3FC43 /* PoemModel.m */ = {isa = PBXFileReference; fileEncoding = 4; lastKnownFileType = sourcecode.c.objc; path = PoemModel.m; sourceTree = "<group>"; };
		182AAB581E70EDA700D3FC43 /* CDRowZeroCell.h */ = {isa = PBXFileReference; fileEncoding = 4; lastKnownFileType = sourcecode.c.h; path = CDRowZeroCell.h; sourceTree = "<group>"; };
		182AAB591E70EDA700D3FC43 /* CDRowZeroCell.m */ = {isa = PBXFileReference; fileEncoding = 4; lastKnownFileType = sourcecode.c.objc; path = CDRowZeroCell.m; sourceTree = "<group>"; };
		182AAB5A1E70EDA700D3FC43 /* CDRowZeroCell.xib */ = {isa = PBXFileReference; fileEncoding = 4; lastKnownFileType = file.xib; path = CDRowZeroCell.xib; sourceTree = "<group>"; };
		1848C7981E72365200479347 /* ImageViewController.h */ = {isa = PBXFileReference; fileEncoding = 4; lastKnownFileType = sourcecode.c.h; path = ImageViewController.h; sourceTree = "<group>"; };
		1848C7991E72365200479347 /* ImageViewController.m */ = {isa = PBXFileReference; fileEncoding = 4; lastKnownFileType = sourcecode.c.objc; path = ImageViewController.m; sourceTree = "<group>"; };
		1848C79C1E72398000479347 /* MobileCoreServices.framework */ = {isa = PBXFileReference; lastKnownFileType = wrapper.framework; name = MobileCoreServices.framework; path = System/Library/Frameworks/MobileCoreServices.framework; sourceTree = SDKROOT; };
		185EE4CE1E7960A200AB59FF /* 测试文档.doc */ = {isa = PBXFileReference; lastKnownFileType = file; path = "测试文档.doc"; sourceTree = "<group>"; };
		1879FD671E695C9D003630C7 /* CodeDemo.app */ = {isa = PBXFileReference; explicitFileType = wrapper.application; includeInIndex = 0; path = CodeDemo.app; sourceTree = BUILT_PRODUCTS_DIR; };
		1879FD6B1E695C9D003630C7 /* main.m */ = {isa = PBXFileReference; lastKnownFileType = sourcecode.c.objc; path = main.m; sourceTree = "<group>"; };
		1879FD6D1E695C9D003630C7 /* AppDelegate.h */ = {isa = PBXFileReference; lastKnownFileType = sourcecode.c.h; path = AppDelegate.h; sourceTree = "<group>"; };
		1879FD6E1E695C9D003630C7 /* AppDelegate.m */ = {isa = PBXFileReference; lastKnownFileType = sourcecode.c.objc; path = AppDelegate.m; sourceTree = "<group>"; };
		1879FD701E695C9D003630C7 /* ViewController.h */ = {isa = PBXFileReference; lastKnownFileType = sourcecode.c.h; path = ViewController.h; sourceTree = "<group>"; };
		1879FD711E695C9D003630C7 /* ViewController.m */ = {isa = PBXFileReference; lastKnownFileType = sourcecode.c.objc; path = ViewController.m; sourceTree = "<group>"; };
		1879FD741E695C9D003630C7 /* Base */ = {isa = PBXFileReference; lastKnownFileType = file.storyboard; name = Base; path = Base.lproj/Main.storyboard; sourceTree = "<group>"; };
		1879FD761E695C9D003630C7 /* Assets.xcassets */ = {isa = PBXFileReference; lastKnownFileType = folder.assetcatalog; path = Assets.xcassets; sourceTree = "<group>"; };
		1879FD791E695C9D003630C7 /* Base */ = {isa = PBXFileReference; lastKnownFileType = file.storyboard; name = Base; path = Base.lproj/LaunchScreen.storyboard; sourceTree = "<group>"; };
		1879FD7B1E695C9D003630C7 /* Info.plist */ = {isa = PBXFileReference; lastKnownFileType = text.plist.xml; path = Info.plist; sourceTree = "<group>"; };
		1879FD801E695C9D003630C7 /* CodeDemoTests.xctest */ = {isa = PBXFileReference; explicitFileType = wrapper.cfbundle; includeInIndex = 0; path = CodeDemoTests.xctest; sourceTree = BUILT_PRODUCTS_DIR; };
		1879FD841E695C9D003630C7 /* CodeDemoTests.m */ = {isa = PBXFileReference; lastKnownFileType = sourcecode.c.objc; path = CodeDemoTests.m; sourceTree = "<group>"; };
		1879FD861E695C9D003630C7 /* Info.plist */ = {isa = PBXFileReference; lastKnownFileType = text.plist.xml; path = Info.plist; sourceTree = "<group>"; };
		1879FD8B1E695C9D003630C7 /* CodeDemoUITests.xctest */ = {isa = PBXFileReference; explicitFileType = wrapper.cfbundle; includeInIndex = 0; path = CodeDemoUITests.xctest; sourceTree = BUILT_PRODUCTS_DIR; };
		1879FD8F1E695C9D003630C7 /* CodeDemoUITests.m */ = {isa = PBXFileReference; lastKnownFileType = sourcecode.c.objc; path = CodeDemoUITests.m; sourceTree = "<group>"; };
		1879FD911E695C9D003630C7 /* Info.plist */ = {isa = PBXFileReference; lastKnownFileType = text.plist.xml; path = Info.plist; sourceTree = "<group>"; };
		1879FD9F1E695CDA003630C7 /* CDNaigationVC.h */ = {isa = PBXFileReference; fileEncoding = 4; lastKnownFileType = sourcecode.c.h; path = CDNaigationVC.h; sourceTree = "<group>"; };
		1879FDA01E695CDA003630C7 /* CDNaigationVC.m */ = {isa = PBXFileReference; fileEncoding = 4; lastKnownFileType = sourcecode.c.objc; path = CDNaigationVC.m; sourceTree = "<group>"; };
		1879FDA31E695D3C003630C7 /* CDRootTVC.h */ = {isa = PBXFileReference; fileEncoding = 4; lastKnownFileType = sourcecode.c.h; path = CDRootTVC.h; sourceTree = "<group>"; };
		1879FDA41E695D3C003630C7 /* CDRootTVC.m */ = {isa = PBXFileReference; fileEncoding = 4; lastKnownFileType = sourcecode.c.objc; path = CDRootTVC.m; sourceTree = "<group>"; };
		1879FDA71E695E22003630C7 /* CDRowZeroTVC.h */ = {isa = PBXFileReference; fileEncoding = 4; lastKnownFileType = sourcecode.c.h; path = CDRowZeroTVC.h; sourceTree = "<group>"; };
		1879FDA81E695E22003630C7 /* CDRowZeroTVC.m */ = {isa = PBXFileReference; fileEncoding = 4; lastKnownFileType = sourcecode.c.objc; path = CDRowZeroTVC.m; sourceTree = "<group>"; };
		188648F71E7BB4BD000BAE7F /* AFHTTPSessionManager.h */ = {isa = PBXFileReference; fileEncoding = 4; lastKnownFileType = sourcecode.c.h; path = AFHTTPSessionManager.h; sourceTree = "<group>"; };
		188648F81E7BB4BD000BAE7F /* AFHTTPSessionManager.m */ = {isa = PBXFileReference; fileEncoding = 4; lastKnownFileType = sourcecode.c.objc; path = AFHTTPSessionManager.m; sourceTree = "<group>"; };
		188648F91E7BB4BD000BAE7F /* AFNetworking.h */ = {isa = PBXFileReference; fileEncoding = 4; lastKnownFileType = sourcecode.c.h; path = AFNetworking.h; sourceTree = "<group>"; };
		188648FA1E7BB4BD000BAE7F /* AFNetworkReachabilityManager.h */ = {isa = PBXFileReference; fileEncoding = 4; lastKnownFileType = sourcecode.c.h; path = AFNetworkReachabilityManager.h; sourceTree = "<group>"; };
		188648FB1E7BB4BD000BAE7F /* AFNetworkReachabilityManager.m */ = {isa = PBXFileReference; fileEncoding = 4; lastKnownFileType = sourcecode.c.objc; path = AFNetworkReachabilityManager.m; sourceTree = "<group>"; };
		188648FC1E7BB4BD000BAE7F /* AFSecurityPolicy.h */ = {isa = PBXFileReference; fileEncoding = 4; lastKnownFileType = sourcecode.c.h; path = AFSecurityPolicy.h; sourceTree = "<group>"; };
		188648FD1E7BB4BD000BAE7F /* AFSecurityPolicy.m */ = {isa = PBXFileReference; fileEncoding = 4; lastKnownFileType = sourcecode.c.objc; path = AFSecurityPolicy.m; sourceTree = "<group>"; };
		188648FE1E7BB4BD000BAE7F /* AFURLRequestSerialization.h */ = {isa = PBXFileReference; fileEncoding = 4; lastKnownFileType = sourcecode.c.h; path = AFURLRequestSerialization.h; sourceTree = "<group>"; };
		188648FF1E7BB4BD000BAE7F /* AFURLRequestSerialization.m */ = {isa = PBXFileReference; fileEncoding = 4; lastKnownFileType = sourcecode.c.objc; path = AFURLRequestSerialization.m; sourceTree = "<group>"; };
		188649001E7BB4BD000BAE7F /* AFURLResponseSerialization.h */ = {isa = PBXFileReference; fileEncoding = 4; lastKnownFileType = sourcecode.c.h; path = AFURLResponseSerialization.h; sourceTree = "<group>"; };
		188649011E7BB4BD000BAE7F /* AFURLResponseSerialization.m */ = {isa = PBXFileReference; fileEncoding = 4; lastKnownFileType = sourcecode.c.objc; path = AFURLResponseSerialization.m; sourceTree = "<group>"; };
		188649021E7BB4BD000BAE7F /* AFURLSessionManager.h */ = {isa = PBXFileReference; fileEncoding = 4; lastKnownFileType = sourcecode.c.h; path = AFURLSessionManager.h; sourceTree = "<group>"; };
		188649031E7BB4BD000BAE7F /* AFURLSessionManager.m */ = {isa = PBXFileReference; fileEncoding = 4; lastKnownFileType = sourcecode.c.objc; path = AFURLSessionManager.m; sourceTree = "<group>"; };
		18E8C65E1E7BAD1B00592BE2 /* CodeDemo.pch */ = {isa = PBXFileReference; lastKnownFileType = sourcecode.c.h; path = CodeDemo.pch; sourceTree = "<group>"; };
		18E8C6601E7BAF6100592BE2 /* CDRowFiveVC.h */ = {isa = PBXFileReference; fileEncoding = 4; lastKnownFileType = sourcecode.c.h; path = CDRowFiveVC.h; sourceTree = "<group>"; };
		18E8C6611E7BAF6100592BE2 /* CDRowFiveVC.m */ = {isa = PBXFileReference; fileEncoding = 4; lastKnownFileType = sourcecode.c.objc; path = CDRowFiveVC.m; sourceTree = "<group>"; };
		18F7C8AF1E6D1AAB00EF8888 /* ClickBoxViewController.h */ = {isa = PBXFileReference; fileEncoding = 4; lastKnownFileType = sourcecode.c.h; path = ClickBoxViewController.h; sourceTree = "<group>"; };
		18F7C8B01E6D1AAB00EF8888 /* ClickBoxViewController.m */ = {isa = PBXFileReference; fileEncoding = 4; lastKnownFileType = sourcecode.c.objc; path = ClickBoxViewController.m; sourceTree = "<group>"; };
		18F7C8B21E6D24F100EF8888 /* CheckButton.h */ = {isa = PBXFileReference; fileEncoding = 4; lastKnownFileType = sourcecode.c.h; path = CheckButton.h; sourceTree = "<group>"; };
		18F7C8B31E6D24F100EF8888 /* CheckButton.m */ = {isa = PBXFileReference; fileEncoding = 4; lastKnownFileType = sourcecode.c.objc; path = CheckButton.m; sourceTree = "<group>"; };
		18F7C8B61E6D26BE00EF8888 /* CTCheckbox.h */ = {isa = PBXFileReference; fileEncoding = 4; lastKnownFileType = sourcecode.c.h; path = CTCheckbox.h; sourceTree = "<group>"; };
		18F7C8B71E6D26BE00EF8888 /* CTCheckbox.m */ = {isa = PBXFileReference; fileEncoding = 4; lastKnownFileType = sourcecode.c.objc; path = CTCheckbox.m; sourceTree = "<group>"; };
		18F7C8BA1E6D2A2D00EF8888 /* AKCheckBox.h */ = {isa = PBXFileReference; fileEncoding = 4; lastKnownFileType = sourcecode.c.h; path = AKCheckBox.h; sourceTree = "<group>"; };
		18F7C8BB1E6D2A2D00EF8888 /* AKCheckBox.m */ = {isa = PBXFileReference; fileEncoding = 4; lastKnownFileType = sourcecode.c.objc; path = AKCheckBox.m; sourceTree = "<group>"; };
		5AB7B9B6DD1072487A16B46F /* Pods-CodeDemo.debug.xcconfig */ = {isa = PBXFileReference; includeInIndex = 1; lastKnownFileType = text.xcconfig; name = "Pods-CodeDemo.debug.xcconfig"; path = "Pods/Target Support Files/Pods-CodeDemo/Pods-CodeDemo.debug.xcconfig"; sourceTree = "<group>"; };
		BCFD00AE7E72DC90434B1A45 /* Pods-CodeDemo.release.xcconfig */ = {isa = PBXFileReference; includeInIndex = 1; lastKnownFileType = text.xcconfig; name = "Pods-CodeDemo.release.xcconfig"; path = "Pods/Target Support Files/Pods-CodeDemo/Pods-CodeDemo.release.xcconfig"; sourceTree = "<group>"; };
		E67BB67D572A4427F7851E32 /* libPods-CodeDemo.a */ = {isa = PBXFileReference; explicitFileType = archive.ar; includeInIndex = 0; path = "libPods-CodeDemo.a"; sourceTree = BUILT_PRODUCTS_DIR; };
/* End PBXFileReference section */

/* Begin PBXFrameworksBuildPhase section */
		1879FD641E695C9D003630C7 /* Frameworks */ = {
			isa = PBXFrameworksBuildPhase;
			buildActionMask = 2147483647;
			files = (
				181FBB721E8F2BDA00FAC61E /* libstdc++.6.0.9.tbd in Frameworks */,
				181FBB701E8F2BD300FAC61E /* libiconv.tbd in Frameworks */,
				181FBB6E1E8F2BCC00FAC61E /* libbz2.tbd in Frameworks */,
				181FBB6C1E8F2BC300FAC61E /* libz.tbd in Frameworks */,
				1848C79D1E72398000479347 /* MobileCoreServices.framework in Frameworks */,
				C26C087F02B217B687102637 /* libPods-CodeDemo.a in Frameworks */,
			);
			runOnlyForDeploymentPostprocessing = 0;
		};
		1879FD7D1E695C9D003630C7 /* Frameworks */ = {
			isa = PBXFrameworksBuildPhase;
			buildActionMask = 2147483647;
			files = (
			);
			runOnlyForDeploymentPostprocessing = 0;
		};
		1879FD881E695C9D003630C7 /* Frameworks */ = {
			isa = PBXFrameworksBuildPhase;
			buildActionMask = 2147483647;
			files = (
			);
			runOnlyForDeploymentPostprocessing = 0;
		};
/* End PBXFrameworksBuildPhase section */

/* Begin PBXGroup section */
		1825EEA81E8F29D100891636 /* row6 */ = {
			isa = PBXGroup;
			children = (
				1825EEA91E8F29FC00891636 /* CDVLCPlayVC.h */,
				1825EEAA1E8F29FC00891636 /* CDVLCPlayVC.m */,
				1825EEAB1E8F29FC00891636 /* video.storyboard */,
			);
			path = row6;
			sourceTree = "<group>";
		};
		182AAB541E70EC4F00D3FC43 /* model */ = {
			isa = PBXGroup;
			children = (
				182AAB551E70EC5D00D3FC43 /* PoemModel.h */,
				182AAB561E70EC5D00D3FC43 /* PoemModel.m */,
			);
			path = model;
			sourceTree = "<group>";
		};
		1848C7971E72364300479347 /* row3 */ = {
			isa = PBXGroup;
			children = (
				1848C7981E72365200479347 /* ImageViewController.h */,
				1848C7991E72365200479347 /* ImageViewController.m */,
			);
			path = row3;
			sourceTree = "<group>";
		};
		1848C79B1E72398000479347 /* Frameworks */ = {
			isa = PBXGroup;
			children = (
				181FBB711E8F2BDA00FAC61E /* libstdc++.6.0.9.tbd */,
				181FBB6F1E8F2BD300FAC61E /* libiconv.tbd */,
				181FBB6D1E8F2BCC00FAC61E /* libbz2.tbd */,
				181FBB6B1E8F2BC300FAC61E /* libz.tbd */,
				1848C79C1E72398000479347 /* MobileCoreServices.framework */,
				E67BB67D572A4427F7851E32 /* libPods-CodeDemo.a */,
			);
			name = Frameworks;
			sourceTree = "<group>";
		};
		185EE4CD1E79609C00AB59FF /* 资源 */ = {
			isa = PBXGroup;
			children = (
				188648F51E7BB4BD000BAE7F /* network */,
				185EE4CE1E7960A200AB59FF /* 测试文档.doc */,
			);
			path = "资源";
			sourceTree = "<group>";
		};
		1879FD5E1E695C9D003630C7 = {
			isa = PBXGroup;
			children = (
				185EE4CD1E79609C00AB59FF /* 资源 */,
				1879FD9D1E695CB7003630C7 /* classes */,
				1879FD691E695C9D003630C7 /* CodeDemo */,
				1879FD831E695C9D003630C7 /* CodeDemoTests */,
				1879FD8E1E695C9D003630C7 /* CodeDemoUITests */,
				1879FD681E695C9D003630C7 /* Products */,
				1848C79B1E72398000479347 /* Frameworks */,
				410AC5AF1170E22F36D54055 /* Pods */,
			);
			sourceTree = "<group>";
		};
		1879FD681E695C9D003630C7 /* Products */ = {
			isa = PBXGroup;
			children = (
				1879FD671E695C9D003630C7 /* CodeDemo.app */,
				1879FD801E695C9D003630C7 /* CodeDemoTests.xctest */,
				1879FD8B1E695C9D003630C7 /* CodeDemoUITests.xctest */,
			);
			name = Products;
			sourceTree = "<group>";
		};
		1879FD691E695C9D003630C7 /* CodeDemo */ = {
			isa = PBXGroup;
			children = (
				1879FD6D1E695C9D003630C7 /* AppDelegate.h */,
				1879FD6E1E695C9D003630C7 /* AppDelegate.m */,
				1879FD701E695C9D003630C7 /* ViewController.h */,
				1879FD711E695C9D003630C7 /* ViewController.m */,
				1879FD731E695C9D003630C7 /* Main.storyboard */,
				1879FD761E695C9D003630C7 /* Assets.xcassets */,
				1879FD781E695C9D003630C7 /* LaunchScreen.storyboard */,
				1879FD7B1E695C9D003630C7 /* Info.plist */,
				182AAB521E70EAB500D3FC43 /* files.plist */,
				1879FD6A1E695C9D003630C7 /* Supporting Files */,
			);
			path = CodeDemo;
			sourceTree = "<group>";
		};
		1879FD6A1E695C9D003630C7 /* Supporting Files */ = {
			isa = PBXGroup;
			children = (
				18E8C65E1E7BAD1B00592BE2 /* CodeDemo.pch */,
				1879FD6B1E695C9D003630C7 /* main.m */,
			);
			name = "Supporting Files";
			sourceTree = "<group>";
		};
		1879FD831E695C9D003630C7 /* CodeDemoTests */ = {
			isa = PBXGroup;
			children = (
				1879FD841E695C9D003630C7 /* CodeDemoTests.m */,
				1879FD861E695C9D003630C7 /* Info.plist */,
			);
			path = CodeDemoTests;
			sourceTree = "<group>";
		};
		1879FD8E1E695C9D003630C7 /* CodeDemoUITests */ = {
			isa = PBXGroup;
			children = (
				1879FD8F1E695C9D003630C7 /* CodeDemoUITests.m */,
				1879FD911E695C9D003630C7 /* Info.plist */,
			);
			path = CodeDemoUITests;
			sourceTree = "<group>";
		};
		1879FD9D1E695CB7003630C7 /* classes */ = {
			isa = PBXGroup;
			children = (
				1825EEA81E8F29D100891636 /* row6 */,
				18E8C65F1E7BAF3D00592BE2 /* row5 */,
				1848C7971E72364300479347 /* row3 */,
				18F7C8B91E6D2A2D00EF8888 /* AKCheckBox */,
				18F7C8B51E6D26BE00EF8888 /* CTCheckbox */,
				18F7C8AE1E6D1A9200EF8888 /* clickBox */,
				1879FDA61E695DFD003630C7 /* row0 */,
				1879FDA21E695D1B003630C7 /* rootTableVC */,
				1879FD9E1E695CBE003630C7 /* nav */,
			);
			path = classes;
			sourceTree = "<group>";
		};
		1879FD9E1E695CBE003630C7 /* nav */ = {
			isa = PBXGroup;
			children = (
				1879FD9F1E695CDA003630C7 /* CDNaigationVC.h */,
				1879FDA01E695CDA003630C7 /* CDNaigationVC.m */,
			);
			path = nav;
			sourceTree = "<group>";
		};
		1879FDA21E695D1B003630C7 /* rootTableVC */ = {
			isa = PBXGroup;
			children = (
				1879FDA31E695D3C003630C7 /* CDRootTVC.h */,
				1879FDA41E695D3C003630C7 /* CDRootTVC.m */,
			);
			path = rootTableVC;
			sourceTree = "<group>";
		};
		1879FDA61E695DFD003630C7 /* row0 */ = {
			isa = PBXGroup;
			children = (
				182AAB541E70EC4F00D3FC43 /* model */,
				1879FDA71E695E22003630C7 /* CDRowZeroTVC.h */,
				1879FDA81E695E22003630C7 /* CDRowZeroTVC.m */,
				1879FDAA1E695E3B003630C7 /* cell */,
			);
			path = row0;
			sourceTree = "<group>";
		};
		1879FDAA1E695E3B003630C7 /* cell */ = {
			isa = PBXGroup;
			children = (
				182AAB581E70EDA700D3FC43 /* CDRowZeroCell.h */,
				182AAB591E70EDA700D3FC43 /* CDRowZeroCell.m */,
				182AAB5A1E70EDA700D3FC43 /* CDRowZeroCell.xib */,
			);
			path = cell;
			sourceTree = "<group>";
		};
		188648F51E7BB4BD000BAE7F /* network */ = {
			isa = PBXGroup;
			children = (
				188648F61E7BB4BD000BAE7F /* AFNetworking */,
			);
			path = network;
			sourceTree = "<group>";
		};
		188648F61E7BB4BD000BAE7F /* AFNetworking */ = {
			isa = PBXGroup;
			children = (
				188648F71E7BB4BD000BAE7F /* AFHTTPSessionManager.h */,
				188648F81E7BB4BD000BAE7F /* AFHTTPSessionManager.m */,
				188648F91E7BB4BD000BAE7F /* AFNetworking.h */,
				188648FA1E7BB4BD000BAE7F /* AFNetworkReachabilityManager.h */,
				188648FB1E7BB4BD000BAE7F /* AFNetworkReachabilityManager.m */,
				188648FC1E7BB4BD000BAE7F /* AFSecurityPolicy.h */,
				188648FD1E7BB4BD000BAE7F /* AFSecurityPolicy.m */,
				188648FE1E7BB4BD000BAE7F /* AFURLRequestSerialization.h */,
				188648FF1E7BB4BD000BAE7F /* AFURLRequestSerialization.m */,
				188649001E7BB4BD000BAE7F /* AFURLResponseSerialization.h */,
				188649011E7BB4BD000BAE7F /* AFURLResponseSerialization.m */,
				188649021E7BB4BD000BAE7F /* AFURLSessionManager.h */,
				188649031E7BB4BD000BAE7F /* AFURLSessionManager.m */,
			);
			path = AFNetworking;
			sourceTree = "<group>";
		};
		18E8C65F1E7BAF3D00592BE2 /* row5 */ = {
			isa = PBXGroup;
			children = (
				18E8C6601E7BAF6100592BE2 /* CDRowFiveVC.h */,
				18E8C6611E7BAF6100592BE2 /* CDRowFiveVC.m */,
			);
			path = row5;
			sourceTree = "<group>";
		};
		18F7C8AE1E6D1A9200EF8888 /* clickBox */ = {
			isa = PBXGroup;
			children = (
				18F7C8AF1E6D1AAB00EF8888 /* ClickBoxViewController.h */,
				18F7C8B01E6D1AAB00EF8888 /* ClickBoxViewController.m */,
				18F7C8B21E6D24F100EF8888 /* CheckButton.h */,
				18F7C8B31E6D24F100EF8888 /* CheckButton.m */,
			);
			path = clickBox;
			sourceTree = "<group>";
		};
		18F7C8B51E6D26BE00EF8888 /* CTCheckbox */ = {
			isa = PBXGroup;
			children = (
				18F7C8B61E6D26BE00EF8888 /* CTCheckbox.h */,
				18F7C8B71E6D26BE00EF8888 /* CTCheckbox.m */,
			);
			path = CTCheckbox;
			sourceTree = "<group>";
		};
		18F7C8B91E6D2A2D00EF8888 /* AKCheckBox */ = {
			isa = PBXGroup;
			children = (
				18F7C8BA1E6D2A2D00EF8888 /* AKCheckBox.h */,
				18F7C8BB1E6D2A2D00EF8888 /* AKCheckBox.m */,
			);
			path = AKCheckBox;
			sourceTree = "<group>";
		};
		410AC5AF1170E22F36D54055 /* Pods */ = {
			isa = PBXGroup;
			children = (
				5AB7B9B6DD1072487A16B46F /* Pods-CodeDemo.debug.xcconfig */,
				BCFD00AE7E72DC90434B1A45 /* Pods-CodeDemo.release.xcconfig */,
			);
			name = Pods;
			sourceTree = "<group>";
		};
/* End PBXGroup section */

/* Begin PBXNativeTarget section */
		1879FD661E695C9D003630C7 /* CodeDemo */ = {
			isa = PBXNativeTarget;
			buildConfigurationList = 1879FD941E695C9D003630C7 /* Build configuration list for PBXNativeTarget "CodeDemo" */;
			buildPhases = (
				7A3B3268C179AD08D025641B /* [CP] Check Pods Manifest.lock */,
				1879FD631E695C9D003630C7 /* Sources */,
				1879FD641E695C9D003630C7 /* Frameworks */,
				1879FD651E695C9D003630C7 /* Resources */,
				F26A4E2710E2F28E6FCC4C03 /* [CP] Embed Pods Frameworks */,
				35DDB4F39AF4F7CF730D2D04 /* [CP] Copy Pods Resources */,
			);
			buildRules = (
			);
			dependencies = (
			);
			name = CodeDemo;
			productName = CodeDemo;
			productReference = 1879FD671E695C9D003630C7 /* CodeDemo.app */;
			productType = "com.apple.product-type.application";
		};
		1879FD7F1E695C9D003630C7 /* CodeDemoTests */ = {
			isa = PBXNativeTarget;
			buildConfigurationList = 1879FD971E695C9D003630C7 /* Build configuration list for PBXNativeTarget "CodeDemoTests" */;
			buildPhases = (
				1879FD7C1E695C9D003630C7 /* Sources */,
				1879FD7D1E695C9D003630C7 /* Frameworks */,
				1879FD7E1E695C9D003630C7 /* Resources */,
			);
			buildRules = (
			);
			dependencies = (
				1879FD821E695C9D003630C7 /* PBXTargetDependency */,
			);
			name = CodeDemoTests;
			productName = CodeDemoTests;
			productReference = 1879FD801E695C9D003630C7 /* CodeDemoTests.xctest */;
			productType = "com.apple.product-type.bundle.unit-test";
		};
		1879FD8A1E695C9D003630C7 /* CodeDemoUITests */ = {
			isa = PBXNativeTarget;
			buildConfigurationList = 1879FD9A1E695C9D003630C7 /* Build configuration list for PBXNativeTarget "CodeDemoUITests" */;
			buildPhases = (
				1879FD871E695C9D003630C7 /* Sources */,
				1879FD881E695C9D003630C7 /* Frameworks */,
				1879FD891E695C9D003630C7 /* Resources */,
			);
			buildRules = (
			);
			dependencies = (
				1879FD8D1E695C9D003630C7 /* PBXTargetDependency */,
			);
			name = CodeDemoUITests;
			productName = CodeDemoUITests;
			productReference = 1879FD8B1E695C9D003630C7 /* CodeDemoUITests.xctest */;
			productType = "com.apple.product-type.bundle.ui-testing";
		};
/* End PBXNativeTarget section */

/* Begin PBXProject section */
		1879FD5F1E695C9D003630C7 /* Project object */ = {
			isa = PBXProject;
			attributes = {
				LastUpgradeCheck = 0820;
				ORGANIZATIONNAME = LYP;
				TargetAttributes = {
					1879FD661E695C9D003630C7 = {
						CreatedOnToolsVersion = 8.2.1;
						DevelopmentTeam = 893HBTC6N3;
						ProvisioningStyle = Automatic;
					};
					1879FD7F1E695C9D003630C7 = {
						CreatedOnToolsVersion = 8.2.1;
						DevelopmentTeam = 893HBTC6N3;
						ProvisioningStyle = Automatic;
						TestTargetID = 1879FD661E695C9D003630C7;
					};
					1879FD8A1E695C9D003630C7 = {
						CreatedOnToolsVersion = 8.2.1;
						DevelopmentTeam = 893HBTC6N3;
						ProvisioningStyle = Automatic;
						TestTargetID = 1879FD661E695C9D003630C7;
					};
				};
			};
			buildConfigurationList = 1879FD621E695C9D003630C7 /* Build configuration list for PBXProject "CodeDemo" */;
			compatibilityVersion = "Xcode 3.2";
			developmentRegion = English;
			hasScannedForEncodings = 0;
			knownRegions = (
				en,
				Base,
			);
			mainGroup = 1879FD5E1E695C9D003630C7;
			productRefGroup = 1879FD681E695C9D003630C7 /* Products */;
			projectDirPath = "";
			projectRoot = "";
			targets = (
				1879FD661E695C9D003630C7 /* CodeDemo */,
				1879FD7F1E695C9D003630C7 /* CodeDemoTests */,
				1879FD8A1E695C9D003630C7 /* CodeDemoUITests */,
			);
		};
/* End PBXProject section */

/* Begin PBXResourcesBuildPhase section */
		1879FD651E695C9D003630C7 /* Resources */ = {
			isa = PBXResourcesBuildPhase;
			buildActionMask = 2147483647;
			files = (
				182AAB5C1E70EDA700D3FC43 /* CDRowZeroCell.xib in Resources */,
				1825EEAD1E8F29FC00891636 /* video.storyboard in Resources */,
				182AAB531E70EAB500D3FC43 /* files.plist in Resources */,
				1879FD7A1E695C9D003630C7 /* LaunchScreen.storyboard in Resources */,
				1879FD771E695C9D003630C7 /* Assets.xcassets in Resources */,
				185EE4CF1E7960A200AB59FF /* 测试文档.doc in Resources */,
				1879FD751E695C9D003630C7 /* Main.storyboard in Resources */,
			);
			runOnlyForDeploymentPostprocessing = 0;
		};
		1879FD7E1E695C9D003630C7 /* Resources */ = {
			isa = PBXResourcesBuildPhase;
			buildActionMask = 2147483647;
			files = (
			);
			runOnlyForDeploymentPostprocessing = 0;
		};
		1879FD891E695C9D003630C7 /* Resources */ = {
			isa = PBXResourcesBuildPhase;
			buildActionMask = 2147483647;
			files = (
			);
			runOnlyForDeploymentPostprocessing = 0;
		};
/* End PBXResourcesBuildPhase section */

/* Begin PBXShellScriptBuildPhase section */
		35DDB4F39AF4F7CF730D2D04 /* [CP] Copy Pods Resources */ = {
			isa = PBXShellScriptBuildPhase;
			buildActionMask = 2147483647;
			files = (
			);
			inputPaths = (
			);
			name = "[CP] Copy Pods Resources";
			outputPaths = (
			);
			runOnlyForDeploymentPostprocessing = 0;
			shellPath = /bin/sh;
			shellScript = "\"${SRCROOT}/Pods/Target Support Files/Pods-CodeDemo/Pods-CodeDemo-resources.sh\"\n";
			showEnvVarsInLog = 0;
		};
		7A3B3268C179AD08D025641B /* [CP] Check Pods Manifest.lock */ = {
			isa = PBXShellScriptBuildPhase;
			buildActionMask = 2147483647;
			files = (
			);
			inputPaths = (
			);
			name = "[CP] Check Pods Manifest.lock";
			outputPaths = (
			);
			runOnlyForDeploymentPostprocessing = 0;
			shellPath = /bin/sh;
			shellScript = "diff \"${PODS_PODFILE_DIR_PATH}/Podfile.lock\" \"${PODS_ROOT}/Manifest.lock\" > /dev/null\nif [ $? != 0 ] ; then\n    # print error to STDERR\n    echo \"error: The sandbox is not in sync with the Podfile.lock. Run 'pod install' or update your CocoaPods installation.\" >&2\n    exit 1\nfi\n";
			showEnvVarsInLog = 0;
		};
		F26A4E2710E2F28E6FCC4C03 /* [CP] Embed Pods Frameworks */ = {
			isa = PBXShellScriptBuildPhase;
			buildActionMask = 2147483647;
			files = (
			);
			inputPaths = (
			);
			name = "[CP] Embed Pods Frameworks";
			outputPaths = (
			);
			runOnlyForDeploymentPostprocessing = 0;
			shellPath = /bin/sh;
			shellScript = "\"${SRCROOT}/Pods/Target Support Files/Pods-CodeDemo/Pods-CodeDemo-frameworks.sh\"\n";
			showEnvVarsInLog = 0;
		};
/* End PBXShellScriptBuildPhase section */

/* Begin PBXSourcesBuildPhase section */
		1879FD631E695C9D003630C7 /* Sources */ = {
			isa = PBXSourcesBuildPhase;
			buildActionMask = 2147483647;
			files = (
				1879FDA11E695CDA003630C7 /* CDNaigationVC.m in Sources */,
				1879FD721E695C9D003630C7 /* ViewController.m in Sources */,
				18F7C8BC1E6D2A2D00EF8888 /* AKCheckBox.m in Sources */,
				18F7C8B81E6D26BE00EF8888 /* CTCheckbox.m in Sources */,
				1879FD6F1E695C9D003630C7 /* AppDelegate.m in Sources */,
				188649091E7BB4BD000BAE7F /* AFURLSessionManager.m in Sources */,
				1848C79A1E72365200479347 /* ImageViewController.m in Sources */,
				188649051E7BB4BD000BAE7F /* AFNetworkReachabilityManager.m in Sources */,
				182AAB5B1E70EDA700D3FC43 /* CDRowZeroCell.m in Sources */,
				1879FDA51E695D3C003630C7 /* CDRootTVC.m in Sources */,
				1825EEAC1E8F29FC00891636 /* CDVLCPlayVC.m in Sources */,
				188649081E7BB4BD000BAE7F /* AFURLResponseSerialization.m in Sources */,
				188649071E7BB4BD000BAE7F /* AFURLRequestSerialization.m in Sources */,
				188649061E7BB4BD000BAE7F /* AFSecurityPolicy.m in Sources */,
				18F7C8B11E6D1AAB00EF8888 /* ClickBoxViewController.m in Sources */,
				1879FD6C1E695C9D003630C7 /* main.m in Sources */,
				18E8C6621E7BAF6100592BE2 /* CDRowFiveVC.m in Sources */,
				182AAB571E70EC5D00D3FC43 /* PoemModel.m in Sources */,
				188649041E7BB4BD000BAE7F /* AFHTTPSessionManager.m in Sources */,
				1879FDA91E695E22003630C7 /* CDRowZeroTVC.m in Sources */,
				18F7C8B41E6D24F100EF8888 /* CheckButton.m in Sources */,
			);
			runOnlyForDeploymentPostprocessing = 0;
		};
		1879FD7C1E695C9D003630C7 /* Sources */ = {
			isa = PBXSourcesBuildPhase;
			buildActionMask = 2147483647;
			files = (
				1879FD851E695C9D003630C7 /* CodeDemoTests.m in Sources */,
			);
			runOnlyForDeploymentPostprocessing = 0;
		};
		1879FD871E695C9D003630C7 /* Sources */ = {
			isa = PBXSourcesBuildPhase;
			buildActionMask = 2147483647;
			files = (
				1879FD901E695C9D003630C7 /* CodeDemoUITests.m in Sources */,
			);
			runOnlyForDeploymentPostprocessing = 0;
		};
/* End PBXSourcesBuildPhase section */

/* Begin PBXTargetDependency section */
		1879FD821E695C9D003630C7 /* PBXTargetDependency */ = {
			isa = PBXTargetDependency;
			target = 1879FD661E695C9D003630C7 /* CodeDemo */;
			targetProxy = 1879FD811E695C9D003630C7 /* PBXContainerItemProxy */;
		};
		1879FD8D1E695C9D003630C7 /* PBXTargetDependency */ = {
			isa = PBXTargetDependency;
			target = 1879FD661E695C9D003630C7 /* CodeDemo */;
			targetProxy = 1879FD8C1E695C9D003630C7 /* PBXContainerItemProxy */;
		};
/* End PBXTargetDependency section */

/* Begin PBXVariantGroup section */
		1879FD731E695C9D003630C7 /* Main.storyboard */ = {
			isa = PBXVariantGroup;
			children = (
				1879FD741E695C9D003630C7 /* Base */,
			);
			name = Main.storyboard;
			sourceTree = "<group>";
		};
		1879FD781E695C9D003630C7 /* LaunchScreen.storyboard */ = {
			isa = PBXVariantGroup;
			children = (
				1879FD791E695C9D003630C7 /* Base */,
			);
			name = LaunchScreen.storyboard;
			sourceTree = "<group>";
		};
/* End PBXVariantGroup section */

/* Begin XCBuildConfiguration section */
		1879FD921E695C9D003630C7 /* Debug */ = {
			isa = XCBuildConfiguration;
			buildSettings = {
				ALWAYS_SEARCH_USER_PATHS = NO;
				CLANG_ANALYZER_NONNULL = YES;
				CLANG_CXX_LANGUAGE_STANDARD = "gnu++0x";
				CLANG_CXX_LIBRARY = "libc++";
				CLANG_ENABLE_MODULES = YES;
				CLANG_ENABLE_OBJC_ARC = YES;
				CLANG_WARN_BOOL_CONVERSION = YES;
				CLANG_WARN_CONSTANT_CONVERSION = YES;
				CLANG_WARN_DIRECT_OBJC_ISA_USAGE = YES_ERROR;
				CLANG_WARN_DOCUMENTATION_COMMENTS = YES;
				CLANG_WARN_EMPTY_BODY = YES;
				CLANG_WARN_ENUM_CONVERSION = YES;
				CLANG_WARN_INFINITE_RECURSION = YES;
				CLANG_WARN_INT_CONVERSION = YES;
				CLANG_WARN_OBJC_ROOT_CLASS = YES_ERROR;
				CLANG_WARN_SUSPICIOUS_MOVE = YES;
				CLANG_WARN_UNREACHABLE_CODE = YES;
				CLANG_WARN__DUPLICATE_METHOD_MATCH = YES;
				"CODE_SIGN_IDENTITY[sdk=iphoneos*]" = "iPhone Developer";
				COPY_PHASE_STRIP = NO;
				DEBUG_INFORMATION_FORMAT = dwarf;
				ENABLE_STRICT_OBJC_MSGSEND = YES;
				ENABLE_TESTABILITY = YES;
				GCC_C_LANGUAGE_STANDARD = gnu99;
				GCC_DYNAMIC_NO_PIC = NO;
				GCC_NO_COMMON_BLOCKS = YES;
				GCC_OPTIMIZATION_LEVEL = 0;
				GCC_PREPROCESSOR_DEFINITIONS = (
					"DEBUG=1",
					"$(inherited)",
				);
				GCC_WARN_64_TO_32_BIT_CONVERSION = YES;
				GCC_WARN_ABOUT_RETURN_TYPE = YES_ERROR;
				GCC_WARN_UNDECLARED_SELECTOR = YES;
				GCC_WARN_UNINITIALIZED_AUTOS = YES_AGGRESSIVE;
				GCC_WARN_UNUSED_FUNCTION = YES;
				GCC_WARN_UNUSED_VARIABLE = YES;
				IPHONEOS_DEPLOYMENT_TARGET = 10.2;
				MTL_ENABLE_DEBUG_INFO = YES;
				ONLY_ACTIVE_ARCH = YES;
				SDKROOT = iphoneos;
				TARGETED_DEVICE_FAMILY = "1,2";
			};
			name = Debug;
		};
		1879FD931E695C9D003630C7 /* Release */ = {
			isa = XCBuildConfiguration;
			buildSettings = {
				ALWAYS_SEARCH_USER_PATHS = NO;
				CLANG_ANALYZER_NONNULL = YES;
				CLANG_CXX_LANGUAGE_STANDARD = "gnu++0x";
				CLANG_CXX_LIBRARY = "libc++";
				CLANG_ENABLE_MODULES = YES;
				CLANG_ENABLE_OBJC_ARC = YES;
				CLANG_WARN_BOOL_CONVERSION = YES;
				CLANG_WARN_CONSTANT_CONVERSION = YES;
				CLANG_WARN_DIRECT_OBJC_ISA_USAGE = YES_ERROR;
				CLANG_WARN_DOCUMENTATION_COMMENTS = YES;
				CLANG_WARN_EMPTY_BODY = YES;
				CLANG_WARN_ENUM_CONVERSION = YES;
				CLANG_WARN_INFINITE_RECURSION = YES;
				CLANG_WARN_INT_CONVERSION = YES;
				CLANG_WARN_OBJC_ROOT_CLASS = YES_ERROR;
				CLANG_WARN_SUSPICIOUS_MOVE = YES;
				CLANG_WARN_UNREACHABLE_CODE = YES;
				CLANG_WARN__DUPLICATE_METHOD_MATCH = YES;
				"CODE_SIGN_IDENTITY[sdk=iphoneos*]" = "iPhone Developer";
				COPY_PHASE_STRIP = NO;
				DEBUG_INFORMATION_FORMAT = "dwarf-with-dsym";
				ENABLE_NS_ASSERTIONS = NO;
				ENABLE_STRICT_OBJC_MSGSEND = YES;
				GCC_C_LANGUAGE_STANDARD = gnu99;
				GCC_NO_COMMON_BLOCKS = YES;
				GCC_WARN_64_TO_32_BIT_CONVERSION = YES;
				GCC_WARN_ABOUT_RETURN_TYPE = YES_ERROR;
				GCC_WARN_UNDECLARED_SELECTOR = YES;
				GCC_WARN_UNINITIALIZED_AUTOS = YES_AGGRESSIVE;
				GCC_WARN_UNUSED_FUNCTION = YES;
				GCC_WARN_UNUSED_VARIABLE = YES;
				IPHONEOS_DEPLOYMENT_TARGET = 10.2;
				MTL_ENABLE_DEBUG_INFO = NO;
				SDKROOT = iphoneos;
				TARGETED_DEVICE_FAMILY = "1,2";
				VALIDATE_PRODUCT = YES;
			};
			name = Release;
		};
		1879FD951E695C9D003630C7 /* Debug */ = {
			isa = XCBuildConfiguration;
			baseConfigurationReference = 5AB7B9B6DD1072487A16B46F /* Pods-CodeDemo.debug.xcconfig */;
			buildSettings = {
				ASSETCATALOG_COMPILER_APPICON_NAME = AppIcon;
				DEVELOPMENT_TEAM = 893HBTC6N3;
				ENABLE_BITCODE = NO;
				GCC_PREFIX_HEADER = "$(SRCROOT)/CodeDemo/CodeDemo.pch";
				INFOPLIST_FILE = CodeDemo/Info.plist;
				IPHONEOS_DEPLOYMENT_TARGET = 8.0;
				LD_RUNPATH_SEARCH_PATHS = "$(inherited) @executable_path/Frameworks";
				PRODUCT_BUNDLE_IDENTIFIER = com.tqj.Demo;
				PRODUCT_NAME = "$(TARGET_NAME)";
			};
			name = Debug;
		};
		1879FD961E695C9D003630C7 /* Release */ = {
			isa = XCBuildConfiguration;
			baseConfigurationReference = BCFD00AE7E72DC90434B1A45 /* Pods-CodeDemo.release.xcconfig */;
			buildSettings = {
				ASSETCATALOG_COMPILER_APPICON_NAME = AppIcon;
				DEVELOPMENT_TEAM = 893HBTC6N3;
				ENABLE_BITCODE = NO;
				GCC_PREFIX_HEADER = "$(SRCROOT)/CodeDemo/CodeDemo.pch";
				INFOPLIST_FILE = CodeDemo/Info.plist;
				IPHONEOS_DEPLOYMENT_TARGET = 8.0;
				LD_RUNPATH_SEARCH_PATHS = "$(inherited) @executable_path/Frameworks";
				PRODUCT_BUNDLE_IDENTIFIER = com.tqj.Demo;
				PRODUCT_NAME = "$(TARGET_NAME)";
			};
			name = Release;
		};
		1879FD981E695C9D003630C7 /* Debug */ = {
			isa = XCBuildConfiguration;
			buildSettings = {
				BUNDLE_LOADER = "$(TEST_HOST)";
				DEVELOPMENT_TEAM = 893HBTC6N3;
				INFOPLIST_FILE = CodeDemoTests/Info.plist;
				LD_RUNPATH_SEARCH_PATHS = "$(inherited) @executable_path/Frameworks @loader_path/Frameworks";
				PRODUCT_BUNDLE_IDENTIFIER = com.tqj.CodeDemoTests;
				PRODUCT_NAME = "$(TARGET_NAME)";
				TEST_HOST = "$(BUILT_PRODUCTS_DIR)/CodeDemo.app/CodeDemo";
			};
			name = Debug;
		};
		1879FD991E695C9D003630C7 /* Release */ = {
			isa = XCBuildConfiguration;
			buildSettings = {
				BUNDLE_LOADER = "$(TEST_HOST)";
				DEVELOPMENT_TEAM = 893HBTC6N3;
				INFOPLIST_FILE = CodeDemoTests/Info.plist;
				LD_RUNPATH_SEARCH_PATHS = "$(inherited) @executable_path/Frameworks @loader_path/Frameworks";
				PRODUCT_BUNDLE_IDENTIFIER = com.tqj.CodeDemoTests;
				PRODUCT_NAME = "$(TARGET_NAME)";
				TEST_HOST = "$(BUILT_PRODUCTS_DIR)/CodeDemo.app/CodeDemo";
			};
			name = Release;
		};
		1879FD9B1E695C9D003630C7 /* Debug */ = {
			isa = XCBuildConfiguration;
			buildSettings = {
				DEVELOPMENT_TEAM = 893HBTC6N3;
				INFOPLIST_FILE = CodeDemoUITests/Info.plist;
				LD_RUNPATH_SEARCH_PATHS = "$(inherited) @executable_path/Frameworks @loader_path/Frameworks";
				PRODUCT_BUNDLE_IDENTIFIER = com.tqj.CodeDemoUITests;
				PRODUCT_NAME = "$(TARGET_NAME)";
				TEST_TARGET_NAME = CodeDemo;
			};
			name = Debug;
		};
		1879FD9C1E695C9D003630C7 /* Release */ = {
			isa = XCBuildConfiguration;
			buildSettings = {
				DEVELOPMENT_TEAM = 893HBTC6N3;
				INFOPLIST_FILE = CodeDemoUITests/Info.plist;
				LD_RUNPATH_SEARCH_PATHS = "$(inherited) @executable_path/Frameworks @loader_path/Frameworks";
				PRODUCT_BUNDLE_IDENTIFIER = com.tqj.CodeDemoUITests;
				PRODUCT_NAME = "$(TARGET_NAME)";
				TEST_TARGET_NAME = CodeDemo;
			};
			name = Release;
		};
/* End XCBuildConfiguration section */

/* Begin XCConfigurationList section */
		1879FD621E695C9D003630C7 /* Build configuration list for PBXProject "CodeDemo" */ = {
			isa = XCConfigurationList;
			buildConfigurations = (
				1879FD921E695C9D003630C7 /* Debug */,
				1879FD931E695C9D003630C7 /* Release */,
			);
			defaultConfigurationIsVisible = 0;
			defaultConfigurationName = Release;
		};
		1879FD941E695C9D003630C7 /* Build configuration list for PBXNativeTarget "CodeDemo" */ = {
			isa = XCConfigurationList;
			buildConfigurations = (
				1879FD951E695C9D003630C7 /* Debug */,
				1879FD961E695C9D003630C7 /* Release */,
			);
			defaultConfigurationIsVisible = 0;
			defaultConfigurationName = Release;
		};
		1879FD971E695C9D003630C7 /* Build configuration list for PBXNativeTarget "CodeDemoTests" */ = {
			isa = XCConfigurationList;
			buildConfigurations = (
				1879FD981E695C9D003630C7 /* Debug */,
				1879FD991E695C9D003630C7 /* Release */,
			);
			defaultConfigurationIsVisible = 0;
			defaultConfigurationName = Release;
		};
		1879FD9A1E695C9D003630C7 /* Build configuration list for PBXNativeTarget "CodeDemoUITests" */ = {
			isa = XCConfigurationList;
			buildConfigurations = (
				1879FD9B1E695C9D003630C7 /* Debug */,
				1879FD9C1E695C9D003630C7 /* Release */,
			);
			defaultConfigurationIsVisible = 0;
			defaultConfigurationName = Release;
		};
/* End XCConfigurationList section */
	};
	rootObject = 1879FD5F1E695C9D003630C7 /* Project object */;
}
